// !$*UTF8*$!
{
	archiveVersion = 1;
	classes = {
	};
	objectVersion = 56;
	objects = {

/* Begin PBXBuildFile section */
		E21823FC293F81410070B4E7 /* App.swift in Sources */ = {isa = PBXBuildFile; fileRef = E21823FB293F81410070B4E7 /* App.swift */; };
		E2182400293F81430070B4E7 /* Assets.xcassets in Resources */ = {isa = PBXBuildFile; fileRef = E21823FF293F81430070B4E7 /* Assets.xcassets */; };
		E2182405293F81430070B4E7 /* PersistenceController.swift in Sources */ = {isa = PBXBuildFile; fileRef = E2182404293F81430070B4E7 /* PersistenceController.swift */; };
		E2182408293F81430070B4E7 /* Budgetio.xcdatamodeld in Sources */ = {isa = PBXBuildFile; fileRef = E2182406293F81430070B4E7 /* Budgetio.xcdatamodeld */; };
		E2182410294119610070B4E7 /* AccountListView.swift in Sources */ = {isa = PBXBuildFile; fileRef = E218240F294119610070B4E7 /* AccountListView.swift */; };
		E2182413294122030070B4E7 /* AccountEditView.swift in Sources */ = {isa = PBXBuildFile; fileRef = E2182412294122030070B4E7 /* AccountEditView.swift */; };
		E2399D6A29A9182D0043CB51 /* AccountRowView.swift in Sources */ = {isa = PBXBuildFile; fileRef = E2399D6929A9182D0043CB51 /* AccountRowView.swift */; };
		E2BAB97A297350550084C929 /* StoreSwift in Frameworks */ = {isa = PBXBuildFile; productRef = E2BAB979297350550084C929 /* StoreSwift */; };
		E2BAB981297350F40084C929 /* AccountListModule.swift in Sources */ = {isa = PBXBuildFile; fileRef = E2BAB980297350F40084C929 /* AccountListModule.swift */; };
		E2BAB9842973F5FA0084C929 /* AccountRepository.swift in Sources */ = {isa = PBXBuildFile; fileRef = E2BAB9832973F5FA0084C929 /* AccountRepository.swift */; };
		E2BAB986297431790084C929 /* AccountListStore.swift in Sources */ = {isa = PBXBuildFile; fileRef = E2BAB985297431790084C929 /* AccountListStore.swift */; };
		E2BAB98A29743A6C0084C929 /* AccountEditModule.swift in Sources */ = {isa = PBXBuildFile; fileRef = E2BAB98929743A6C0084C929 /* AccountEditModule.swift */; };
		E2BAB98C29743A720084C929 /* AccountEditStore.swift in Sources */ = {isa = PBXBuildFile; fileRef = E2BAB98B29743A720084C929 /* AccountEditStore.swift */; };
		E2BAB99029744B9C0084C929 /* AccountEntity.swift in Sources */ = {isa = PBXBuildFile; fileRef = E2BAB98F29744B9C0084C929 /* AccountEntity.swift */; };
		E2BAB99229744CBB0084C929 /* RootFlow.swift in Sources */ = {isa = PBXBuildFile; fileRef = E2BAB99129744CBB0084C929 /* RootFlow.swift */; };
		E2BAB99429744CFC0084C929 /* AccountFlow.swift in Sources */ = {isa = PBXBuildFile; fileRef = E2BAB99329744CFC0084C929 /* AccountFlow.swift */; };
		E2EAA70B294F693D0081AEBB /* MessageError.swift in Sources */ = {isa = PBXBuildFile; fileRef = E2EAA706294F69370081AEBB /* MessageError.swift */; };
		E2EAA70C294F693D0081AEBB /* View+ScenePhase.swift in Sources */ = {isa = PBXBuildFile; fileRef = E2EAA707294F69370081AEBB /* View+ScenePhase.swift */; };
		E2EAA70D294F693D0081AEBB /* View+Hidden.swift in Sources */ = {isa = PBXBuildFile; fileRef = E2EAA709294F69370081AEBB /* View+Hidden.swift */; };
/* End PBXBuildFile section */

/* Begin PBXFileReference section */
		E21823F8293F81410070B4E7 /* Budgetio.app */ = {isa = PBXFileReference; explicitFileType = wrapper.application; includeInIndex = 0; path = Budgetio.app; sourceTree = BUILT_PRODUCTS_DIR; };
		E21823FB293F81410070B4E7 /* App.swift */ = {isa = PBXFileReference; lastKnownFileType = sourcecode.swift; path = App.swift; sourceTree = "<group>"; };
		E21823FF293F81430070B4E7 /* Assets.xcassets */ = {isa = PBXFileReference; lastKnownFileType = folder.assetcatalog; path = Assets.xcassets; sourceTree = "<group>"; };
		E2182404293F81430070B4E7 /* PersistenceController.swift */ = {isa = PBXFileReference; lastKnownFileType = sourcecode.swift; path = PersistenceController.swift; sourceTree = "<group>"; };
		E2182407293F81430070B4E7 /* Budgetio.xcdatamodel */ = {isa = PBXFileReference; lastKnownFileType = wrapper.xcdatamodel; path = Budgetio.xcdatamodel; sourceTree = "<group>"; };
		E2182409293F81430070B4E7 /* Info.plist */ = {isa = PBXFileReference; lastKnownFileType = text.plist.xml; path = Info.plist; sourceTree = "<group>"; };
		E218240F294119610070B4E7 /* AccountListView.swift */ = {isa = PBXFileReference; lastKnownFileType = sourcecode.swift; path = AccountListView.swift; sourceTree = "<group>"; };
		E2182412294122030070B4E7 /* AccountEditView.swift */ = {isa = PBXFileReference; lastKnownFileType = sourcecode.swift; path = AccountEditView.swift; sourceTree = "<group>"; };
		E2399D6929A9182D0043CB51 /* AccountRowView.swift */ = {isa = PBXFileReference; lastKnownFileType = sourcecode.swift; path = AccountRowView.swift; sourceTree = "<group>"; };
		E2ABC76129C7AC8A006FF48F /* Info.plist */ = {isa = PBXFileReference; lastKnownFileType = text.plist; path = Info.plist; sourceTree = "<group>"; };
		E2BAB980297350F40084C929 /* AccountListModule.swift */ = {isa = PBXFileReference; lastKnownFileType = sourcecode.swift; path = AccountListModule.swift; sourceTree = "<group>"; };
		E2BAB9832973F5FA0084C929 /* AccountRepository.swift */ = {isa = PBXFileReference; lastKnownFileType = sourcecode.swift; path = AccountRepository.swift; sourceTree = "<group>"; };
		E2BAB985297431790084C929 /* AccountListStore.swift */ = {isa = PBXFileReference; lastKnownFileType = sourcecode.swift; path = AccountListStore.swift; sourceTree = "<group>"; };
		E2BAB98929743A6C0084C929 /* AccountEditModule.swift */ = {isa = PBXFileReference; lastKnownFileType = sourcecode.swift; path = AccountEditModule.swift; sourceTree = "<group>"; };
		E2BAB98B29743A720084C929 /* AccountEditStore.swift */ = {isa = PBXFileReference; lastKnownFileType = sourcecode.swift; path = AccountEditStore.swift; sourceTree = "<group>"; };
		E2BAB98F29744B9C0084C929 /* AccountEntity.swift */ = {isa = PBXFileReference; lastKnownFileType = sourcecode.swift; path = AccountEntity.swift; sourceTree = "<group>"; };
		E2BAB99129744CBB0084C929 /* RootFlow.swift */ = {isa = PBXFileReference; lastKnownFileType = sourcecode.swift; path = RootFlow.swift; sourceTree = "<group>"; };
		E2BAB99329744CFC0084C929 /* AccountFlow.swift */ = {isa = PBXFileReference; lastKnownFileType = sourcecode.swift; path = AccountFlow.swift; sourceTree = "<group>"; };
		E2EAA706294F69370081AEBB /* MessageError.swift */ = {isa = PBXFileReference; lastKnownFileType = sourcecode.swift; path = MessageError.swift; sourceTree = "<group>"; };
		E2EAA707294F69370081AEBB /* View+ScenePhase.swift */ = {isa = PBXFileReference; lastKnownFileType = sourcecode.swift; path = "View+ScenePhase.swift"; sourceTree = "<group>"; };
		E2EAA709294F69370081AEBB /* View+Hidden.swift */ = {isa = PBXFileReference; lastKnownFileType = sourcecode.swift; path = "View+Hidden.swift"; sourceTree = "<group>"; };
/* End PBXFileReference section */

/* Begin PBXFrameworksBuildPhase section */
		E21823F5293F81410070B4E7 /* Frameworks */ = {
			isa = PBXFrameworksBuildPhase;
			buildActionMask = 2147483647;
			files = (
				E2BAB97A297350550084C929 /* StoreSwift in Frameworks */,
			);
			runOnlyForDeploymentPostprocessing = 0;
		};
/* End PBXFrameworksBuildPhase section */

/* Begin PBXGroup section */
		E21823EF293F81410070B4E7 = {
			isa = PBXGroup;
			children = (
				E21823FA293F81410070B4E7 /* Budgetio */,
				E21823F9293F81410070B4E7 /* Products */,
			);
			sourceTree = "<group>";
			usesTabs = 0;
		};
		E21823F9293F81410070B4E7 /* Products */ = {
			isa = PBXGroup;
			children = (
				E21823F8293F81410070B4E7 /* Budgetio.app */,
			);
			name = Products;
			sourceTree = "<group>";
		};
		E21823FA293F81410070B4E7 /* Budgetio */ = {
			isa = PBXGroup;
			children = (
				E2ABC76129C7AC8A006FF48F /* Info.plist */,
				E21823FB293F81410070B4E7 /* App.swift */,
				E2BAB98E29744B8D0084C929 /* Entities */,
				E2EAA705294F692D0081AEBB /* Extensions */,
				E2BAB98D29744B770084C929 /* Flows */,
				E2BAB97C297350730084C929 /* Modules */,
				E2BAB97F297350C60084C929 /* Persistence */,
				E2BAB9822973F4DF0084C929 /* Repositories */,
				E2BAB97B2973506F0084C929 /* Resources */,
			);
			path = Budgetio;
			sourceTree = "<group>";
		};
		E2BAB97B2973506F0084C929 /* Resources */ = {
			isa = PBXGroup;
			children = (
				E2182406293F81430070B4E7 /* Budgetio.xcdatamodeld */,
				E2182409293F81430070B4E7 /* Info.plist */,
				E21823FF293F81430070B4E7 /* Assets.xcassets */,
			);
			path = Resources;
			sourceTree = "<group>";
		};
		E2BAB97C297350730084C929 /* Modules */ = {
			isa = PBXGroup;
			children = (
				E2BAB97D297350B10084C929 /* AccountList */,
				E2BAB97E297350B50084C929 /* AccountEdit */,
			);
			path = Modules;
			sourceTree = "<group>";
		};
		E2BAB97D297350B10084C929 /* AccountList */ = {
			isa = PBXGroup;
			children = (
				E2BAB980297350F40084C929 /* AccountListModule.swift */,
				E2BAB985297431790084C929 /* AccountListStore.swift */,
				E218240F294119610070B4E7 /* AccountListView.swift */,
				E2399D6929A9182D0043CB51 /* AccountRowView.swift */,
			);
			path = AccountList;
			sourceTree = "<group>";
		};
		E2BAB97E297350B50084C929 /* AccountEdit */ = {
			isa = PBXGroup;
			children = (
				E2BAB98929743A6C0084C929 /* AccountEditModule.swift */,
				E2BAB98B29743A720084C929 /* AccountEditStore.swift */,
				E2182412294122030070B4E7 /* AccountEditView.swift */,
			);
			path = AccountEdit;
			sourceTree = "<group>";
		};
		E2BAB97F297350C60084C929 /* Persistence */ = {
			isa = PBXGroup;
			children = (
				E2182404293F81430070B4E7 /* PersistenceController.swift */,
			);
			path = Persistence;
			sourceTree = "<group>";
		};
		E2BAB9822973F4DF0084C929 /* Repositories */ = {
			isa = PBXGroup;
			children = (
				E2BAB9832973F5FA0084C929 /* AccountRepository.swift */,
			);
			path = Repositories;
			sourceTree = "<group>";
		};
		E2BAB98D29744B770084C929 /* Flows */ = {
			isa = PBXGroup;
			children = (
				E2BAB99129744CBB0084C929 /* RootFlow.swift */,
				E2BAB99329744CFC0084C929 /* AccountFlow.swift */,
			);
			path = Flows;
			sourceTree = "<group>";
		};
		E2BAB98E29744B8D0084C929 /* Entities */ = {
			isa = PBXGroup;
			children = (
				E2BAB98F29744B9C0084C929 /* AccountEntity.swift */,
			);
			path = Entities;
			sourceTree = "<group>";
		};
		E2EAA705294F692D0081AEBB /* Extensions */ = {
			isa = PBXGroup;
			children = (
				E2EAA706294F69370081AEBB /* MessageError.swift */,
				E2EAA709294F69370081AEBB /* View+Hidden.swift */,
				E2EAA707294F69370081AEBB /* View+ScenePhase.swift */,
			);
			path = Extensions;
			sourceTree = "<group>";
		};
/* End PBXGroup section */

/* Begin PBXNativeTarget section */
		E21823F7293F81410070B4E7 /* Budgetio */ = {
			isa = PBXNativeTarget;
			buildConfigurationList = E218240C293F81430070B4E7 /* Build configuration list for PBXNativeTarget "Budgetio" */;
			buildPhases = (
				E21823F4293F81410070B4E7 /* Sources */,
				E21823F5293F81410070B4E7 /* Frameworks */,
				E21823F6293F81410070B4E7 /* Resources */,
			);
			buildRules = (
			);
			dependencies = (
			);
			name = Budgetio;
			packageProductDependencies = (
				E2BAB979297350550084C929 /* StoreSwift */,
			);
			productName = Budgetio;
			productReference = E21823F8293F81410070B4E7 /* Budgetio.app */;
			productType = "com.apple.product-type.application";
		};
/* End PBXNativeTarget section */

/* Begin PBXProject section */
		E21823F0293F81410070B4E7 /* Project object */ = {
			isa = PBXProject;
			attributes = {
				BuildIndependentTargetsInParallel = 1;
				LastSwiftUpdateCheck = 1410;
				LastUpgradeCheck = 1410;
				TargetAttributes = {
					E21823F7293F81410070B4E7 = {
						CreatedOnToolsVersion = 14.1;
					};
				};
			};
			buildConfigurationList = E21823F3293F81410070B4E7 /* Build configuration list for PBXProject "Budgetio" */;
			compatibilityVersion = "Xcode 14.0";
			developmentRegion = en;
			hasScannedForEncodings = 0;
			knownRegions = (
				en,
				Base,
			);
			mainGroup = E21823EF293F81410070B4E7;
			packageReferences = (
				E2BAB978297350550084C929 /* XCRemoteSwiftPackageReference "StoreSwift" */,
			);
			productRefGroup = E21823F9293F81410070B4E7 /* Products */;
			projectDirPath = "";
			projectRoot = "";
			targets = (
				E21823F7293F81410070B4E7 /* Budgetio */,
			);
		};
/* End PBXProject section */

/* Begin PBXResourcesBuildPhase section */
		E21823F6293F81410070B4E7 /* Resources */ = {
			isa = PBXResourcesBuildPhase;
			buildActionMask = 2147483647;
			files = (
				E2182400293F81430070B4E7 /* Assets.xcassets in Resources */,
			);
			runOnlyForDeploymentPostprocessing = 0;
		};
/* End PBXResourcesBuildPhase section */

/* Begin PBXSourcesBuildPhase section */
		E21823F4293F81410070B4E7 /* Sources */ = {
			isa = PBXSourcesBuildPhase;
			buildActionMask = 2147483647;
			files = (
				E2182408293F81430070B4E7 /* Budgetio.xcdatamodeld in Sources */,
				E2182410294119610070B4E7 /* AccountListView.swift in Sources */,
				E2BAB98A29743A6C0084C929 /* AccountEditModule.swift in Sources */,
				E2182413294122030070B4E7 /* AccountEditView.swift in Sources */,
				E2BAB986297431790084C929 /* AccountListStore.swift in Sources */,
				E2BAB99229744CBB0084C929 /* RootFlow.swift in Sources */,
				E2BAB99029744B9C0084C929 /* AccountEntity.swift in Sources */,
				E2EAA70D294F693D0081AEBB /* View+Hidden.swift in Sources */,
				E2182405293F81430070B4E7 /* PersistenceController.swift in Sources */,
				E2399D6A29A9182D0043CB51 /* AccountRowView.swift in Sources */,
				E2BAB981297350F40084C929 /* AccountListModule.swift in Sources */,
				E2EAA70B294F693D0081AEBB /* MessageError.swift in Sources */,
				E2EAA70C294F693D0081AEBB /* View+ScenePhase.swift in Sources */,
				E21823FC293F81410070B4E7 /* App.swift in Sources */,
				E2BAB98C29743A720084C929 /* AccountEditStore.swift in Sources */,
				E2BAB99429744CFC0084C929 /* AccountFlow.swift in Sources */,
				E2BAB9842973F5FA0084C929 /* AccountRepository.swift in Sources */,
			);
			runOnlyForDeploymentPostprocessing = 0;
		};
/* End PBXSourcesBuildPhase section */

/* Begin XCBuildConfiguration section */
		E218240A293F81430070B4E7 /* Debug */ = {
			isa = XCBuildConfiguration;
			buildSettings = {
				ALWAYS_SEARCH_USER_PATHS = NO;
				CLANG_ANALYZER_NONNULL = YES;
				CLANG_ANALYZER_NUMBER_OBJECT_CONVERSION = YES_AGGRESSIVE;
				CLANG_CXX_LANGUAGE_STANDARD = "gnu++20";
				CLANG_ENABLE_MODULES = YES;
				CLANG_ENABLE_OBJC_ARC = YES;
				CLANG_ENABLE_OBJC_WEAK = YES;
				CLANG_WARN_BLOCK_CAPTURE_AUTORELEASING = YES;
				CLANG_WARN_BOOL_CONVERSION = YES;
				CLANG_WARN_COMMA = YES;
				CLANG_WARN_CONSTANT_CONVERSION = YES;
				CLANG_WARN_DEPRECATED_OBJC_IMPLEMENTATIONS = YES;
				CLANG_WARN_DIRECT_OBJC_ISA_USAGE = YES_ERROR;
				CLANG_WARN_DOCUMENTATION_COMMENTS = YES;
				CLANG_WARN_EMPTY_BODY = YES;
				CLANG_WARN_ENUM_CONVERSION = YES;
				CLANG_WARN_INFINITE_RECURSION = YES;
				CLANG_WARN_INT_CONVERSION = YES;
				CLANG_WARN_NON_LITERAL_NULL_CONVERSION = YES;
				CLANG_WARN_OBJC_IMPLICIT_RETAIN_SELF = YES;
				CLANG_WARN_OBJC_LITERAL_CONVERSION = YES;
				CLANG_WARN_OBJC_ROOT_CLASS = YES_ERROR;
				CLANG_WARN_QUOTED_INCLUDE_IN_FRAMEWORK_HEADER = YES;
				CLANG_WARN_RANGE_LOOP_ANALYSIS = YES;
				CLANG_WARN_STRICT_PROTOTYPES = YES;
				CLANG_WARN_SUSPICIOUS_MOVE = YES;
				CLANG_WARN_UNGUARDED_AVAILABILITY = YES_AGGRESSIVE;
				CLANG_WARN_UNREACHABLE_CODE = YES;
				CLANG_WARN__DUPLICATE_METHOD_MATCH = YES;
				COPY_PHASE_STRIP = NO;
				DEBUG_INFORMATION_FORMAT = dwarf;
				ENABLE_STRICT_OBJC_MSGSEND = YES;
				ENABLE_TESTABILITY = YES;
				GCC_C_LANGUAGE_STANDARD = gnu11;
				GCC_DYNAMIC_NO_PIC = NO;
				GCC_NO_COMMON_BLOCKS = YES;
				GCC_OPTIMIZATION_LEVEL = 0;
				GCC_PREPROCESSOR_DEFINITIONS = (
					"DEBUG=1",
					"$(inherited)",
				);
				GCC_WARN_64_TO_32_BIT_CONVERSION = YES;
				GCC_WARN_ABOUT_RETURN_TYPE = YES_ERROR;
				GCC_WARN_UNDECLARED_SELECTOR = YES;
				GCC_WARN_UNINITIALIZED_AUTOS = YES_AGGRESSIVE;
				GCC_WARN_UNUSED_FUNCTION = YES;
				GCC_WARN_UNUSED_VARIABLE = YES;
				IPHONEOS_DEPLOYMENT_TARGET = 16.1;
				MTL_ENABLE_DEBUG_INFO = INCLUDE_SOURCE;
				MTL_FAST_MATH = YES;
				ONLY_ACTIVE_ARCH = YES;
				SDKROOT = iphoneos;
				SWIFT_ACTIVE_COMPILATION_CONDITIONS = DEBUG;
				SWIFT_OPTIMIZATION_LEVEL = "-Onone";
			};
			name = Debug;
		};
		E218240B293F81430070B4E7 /* Release */ = {
			isa = XCBuildConfiguration;
			buildSettings = {
				ALWAYS_SEARCH_USER_PATHS = NO;
				CLANG_ANALYZER_NONNULL = YES;
				CLANG_ANALYZER_NUMBER_OBJECT_CONVERSION = YES_AGGRESSIVE;
				CLANG_CXX_LANGUAGE_STANDARD = "gnu++20";
				CLANG_ENABLE_MODULES = YES;
				CLANG_ENABLE_OBJC_ARC = YES;
				CLANG_ENABLE_OBJC_WEAK = YES;
				CLANG_WARN_BLOCK_CAPTURE_AUTORELEASING = YES;
				CLANG_WARN_BOOL_CONVERSION = YES;
				CLANG_WARN_COMMA = YES;
				CLANG_WARN_CONSTANT_CONVERSION = YES;
				CLANG_WARN_DEPRECATED_OBJC_IMPLEMENTATIONS = YES;
				CLANG_WARN_DIRECT_OBJC_ISA_USAGE = YES_ERROR;
				CLANG_WARN_DOCUMENTATION_COMMENTS = YES;
				CLANG_WARN_EMPTY_BODY = YES;
				CLANG_WARN_ENUM_CONVERSION = YES;
				CLANG_WARN_INFINITE_RECURSION = YES;
				CLANG_WARN_INT_CONVERSION = YES;
				CLANG_WARN_NON_LITERAL_NULL_CONVERSION = YES;
				CLANG_WARN_OBJC_IMPLICIT_RETAIN_SELF = YES;
				CLANG_WARN_OBJC_LITERAL_CONVERSION = YES;
				CLANG_WARN_OBJC_ROOT_CLASS = YES_ERROR;
				CLANG_WARN_QUOTED_INCLUDE_IN_FRAMEWORK_HEADER = YES;
				CLANG_WARN_RANGE_LOOP_ANALYSIS = YES;
				CLANG_WARN_STRICT_PROTOTYPES = YES;
				CLANG_WARN_SUSPICIOUS_MOVE = YES;
				CLANG_WARN_UNGUARDED_AVAILABILITY = YES_AGGRESSIVE;
				CLANG_WARN_UNREACHABLE_CODE = YES;
				CLANG_WARN__DUPLICATE_METHOD_MATCH = YES;
				COPY_PHASE_STRIP = NO;
				DEBUG_INFORMATION_FORMAT = "dwarf-with-dsym";
				ENABLE_NS_ASSERTIONS = NO;
				ENABLE_STRICT_OBJC_MSGSEND = YES;
				GCC_C_LANGUAGE_STANDARD = gnu11;
				GCC_NO_COMMON_BLOCKS = YES;
				GCC_WARN_64_TO_32_BIT_CONVERSION = YES;
				GCC_WARN_ABOUT_RETURN_TYPE = YES_ERROR;
				GCC_WARN_UNDECLARED_SELECTOR = YES;
				GCC_WARN_UNINITIALIZED_AUTOS = YES_AGGRESSIVE;
				GCC_WARN_UNUSED_FUNCTION = YES;
				GCC_WARN_UNUSED_VARIABLE = YES;
				IPHONEOS_DEPLOYMENT_TARGET = 16.1;
				MTL_ENABLE_DEBUG_INFO = NO;
				MTL_FAST_MATH = YES;
				SDKROOT = iphoneos;
				SWIFT_COMPILATION_MODE = wholemodule;
				SWIFT_OPTIMIZATION_LEVEL = "-O";
				VALIDATE_PRODUCT = YES;
			};
			name = Release;
		};
		E218240D293F81430070B4E7 /* Debug */ = {
			isa = XCBuildConfiguration;
			buildSettings = {
				ASSETCATALOG_COMPILER_APPICON_NAME = AppIcon;
				ASSETCATALOG_COMPILER_GLOBAL_ACCENT_COLOR_NAME = AccentColor;
				CODE_SIGN_ENTITLEMENTS = Budgetio/Budgetio.entitlements;
				CODE_SIGN_IDENTITY = "Apple Development";
				"CODE_SIGN_IDENTITY[sdk=iphoneos*]" = "iPhone Distribution";
				CODE_SIGN_STYLE = Manual;
				CURRENT_PROJECT_VERSION = 1;
				DEVELOPMENT_ASSET_PATHS = "";
				DEVELOPMENT_TEAM = "";
				"DEVELOPMENT_TEAM[sdk=iphoneos*]" = LUY4875ZZ2;
				ENABLE_PREVIEWS = YES;
				GENERATE_INFOPLIST_FILE = YES;
				INFOPLIST_FILE = Budgetio/Info.plist;
				INFOPLIST_KEY_LSApplicationCategoryType = "public.app-category.finance";
				INFOPLIST_KEY_UIApplicationSceneManifest_Generation = YES;
				INFOPLIST_KEY_UIApplicationSupportsIndirectInputEvents = YES;
				INFOPLIST_KEY_UILaunchScreen_Generation = YES;
				INFOPLIST_KEY_UISupportedInterfaceOrientations = UIInterfaceOrientationPortrait;
				INFOPLIST_KEY_UISupportedInterfaceOrientations_iPad = "UIInterfaceOrientationLandscapeLeft UIInterfaceOrientationLandscapeRight UIInterfaceOrientationPortrait";
				IPHONEOS_DEPLOYMENT_TARGET = 16.0;
				LD_RUNPATH_SEARCH_PATHS = (
					"$(inherited)",
					"@executable_path/Frameworks",
				);
				MARKETING_VERSION = 1.2;
				PRODUCT_BUNDLE_IDENTIFIER = ru.alobanov11.budgetio;
				PRODUCT_NAME = "$(TARGET_NAME)";
				PROVISIONING_PROFILE_SPECIFIER = "";
				"PROVISIONING_PROFILE_SPECIFIER[sdk=iphoneos*]" = "match AppStore ru.alobanov11.budgetio";
				SUPPORTED_PLATFORMS = "iphoneos iphonesimulator";
				SUPPORTS_MACCATALYST = NO;
				SUPPORTS_MAC_DESIGNED_FOR_IPHONE_IPAD = NO;
				SWIFT_EMIT_LOC_STRINGS = YES;
				SWIFT_VERSION = 5.0;
				TARGETED_DEVICE_FAMILY = 1;
			};
			name = Debug;
		};
		E218240E293F81430070B4E7 /* Release */ = {
			isa = XCBuildConfiguration;
			buildSettings = {
				ASSETCATALOG_COMPILER_APPICON_NAME = AppIcon;
				ASSETCATALOG_COMPILER_GLOBAL_ACCENT_COLOR_NAME = AccentColor;
				CODE_SIGN_ENTITLEMENTS = Budgetio/Budgetio.entitlements;
				CODE_SIGN_IDENTITY = "Apple Development";
				"CODE_SIGN_IDENTITY[sdk=iphoneos*]" = "iPhone Distribution";
				CODE_SIGN_STYLE = Manual;
				CURRENT_PROJECT_VERSION = 1;
				DEVELOPMENT_ASSET_PATHS = "";
				DEVELOPMENT_TEAM = "";
				"DEVELOPMENT_TEAM[sdk=iphoneos*]" = LUY4875ZZ2;
				ENABLE_PREVIEWS = YES;
				GENERATE_INFOPLIST_FILE = YES;
				INFOPLIST_FILE = Budgetio/Info.plist;
				INFOPLIST_KEY_LSApplicationCategoryType = "public.app-category.finance";
				INFOPLIST_KEY_UIApplicationSceneManifest_Generation = YES;
				INFOPLIST_KEY_UIApplicationSupportsIndirectInputEvents = YES;
				INFOPLIST_KEY_UILaunchScreen_Generation = YES;
				INFOPLIST_KEY_UISupportedInterfaceOrientations = UIInterfaceOrientationPortrait;
				INFOPLIST_KEY_UISupportedInterfaceOrientations_iPad = "UIInterfaceOrientationLandscapeLeft UIInterfaceOrientationLandscapeRight UIInterfaceOrientationPortrait";
				IPHONEOS_DEPLOYMENT_TARGET = 16.0;
				LD_RUNPATH_SEARCH_PATHS = (
					"$(inherited)",
					"@executable_path/Frameworks",
				);
				MARKETING_VERSION = 1.2;
				PRODUCT_BUNDLE_IDENTIFIER = ru.alobanov11.budgetio;
				PRODUCT_NAME = "$(TARGET_NAME)";
				PROVISIONING_PROFILE_SPECIFIER = "";
				"PROVISIONING_PROFILE_SPECIFIER[sdk=iphoneos*]" = "match AppStore ru.alobanov11.budgetio";
				SUPPORTED_PLATFORMS = "iphoneos iphonesimulator";
				SUPPORTS_MACCATALYST = NO;
				SUPPORTS_MAC_DESIGNED_FOR_IPHONE_IPAD = NO;
				SWIFT_EMIT_LOC_STRINGS = YES;
				SWIFT_VERSION = 5.0;
				TARGETED_DEVICE_FAMILY = 1;
			};
			name = Release;
		};
/* End XCBuildConfiguration section */

/* Begin XCConfigurationList section */
		E21823F3293F81410070B4E7 /* Build configuration list for PBXProject "Budgetio" */ = {
			isa = XCConfigurationList;
			buildConfigurations = (
				E218240A293F81430070B4E7 /* Debug */,
				E218240B293F81430070B4E7 /* Release */,
			);
			defaultConfigurationIsVisible = 0;
			defaultConfigurationName = Release;
		};
		E218240C293F81430070B4E7 /* Build configuration list for PBXNativeTarget "Budgetio" */ = {
			isa = XCConfigurationList;
			buildConfigurations = (
				E218240D293F81430070B4E7 /* Debug */,
				E218240E293F81430070B4E7 /* Release */,
			);
			defaultConfigurationIsVisible = 0;
			defaultConfigurationName = Release;
		};
/* End XCConfigurationList section */

/* Begin XCRemoteSwiftPackageReference section */
		E2BAB978297350550084C929 /* XCRemoteSwiftPackageReference "StoreSwift" */ = {
			isa = XCRemoteSwiftPackageReference;
			repositoryURL = "https://github.com/alobanov11/StoreSwift.git";
			requirement = {
				kind = revision;
				revision = e31b5083be44faff1374f092aef36b9a4f12c9d2;
			};
		};
/* End XCRemoteSwiftPackageReference section */

/* Begin XCSwiftPackageProductDependency section */
		E2BAB979297350550084C929 /* StoreSwift */ = {
			isa = XCSwiftPackageProductDependency;
			package = E2BAB978297350550084C929 /* XCRemoteSwiftPackageReference "StoreSwift" */;
			productName = StoreSwift;
		};
/* End XCSwiftPackageProductDependency section */

/* Begin XCVersionGroup section */
		E2182406293F81430070B4E7 /* Budgetio.xcdatamodeld */ = {
			isa = XCVersionGroup;
			children = (
				E2182407293F81430070B4E7 /* Budgetio.xcdatamodel */,
			);
			currentVersion = E2182407293F81430070B4E7 /* Budgetio.xcdatamodel */;
			path = Budgetio.xcdatamodeld;
			sourceTree = "<group>";
			versionGroupType = wrapper.xcdatamodel;
		};
/* End XCVersionGroup section */
	};
	rootObject = E21823F0293F81410070B4E7 /* Project object */;
}
